
Microsoft Visual Studio Solution File, Format Version 12.00
# Visual Studio Express 15 for Windows Desktop
VisualStudioVersion = 15.0.28307.645
MinimumVisualStudioVersion = 10.0.40219.1
Project("{FAE04EC0-301F-11D3-BF4B-00C04F79EFBC}") = "transformer_korm_demo", "transformer_korm_demo\transformer_korm_demo.csproj", "{8866AEB3-5EB7-4E9B-8357-169B122525FA}"
EndProject
Global
	GlobalSection(SolutionConfigurationPlatforms) = preSolution
		Debug|Any CPU = Debug|Any CPU
		Release|Any CPU = Release|Any CPU
	EndGlobalSection
	GlobalSection(ProjectConfigurationPlatforms) = postSolution
		{8866AEB3-5EB7-4E9B-8357-169B122525FA}.Debug|Any CPU.ActiveCfg = Debug|Any CPU
		{8866AEB3-5EB7-4E9B-8357-169B122525FA}.Debug|Any CPU.Build.0 = Debug|Any CPU
		{8866AEB3-5EB7-4E9B-8357-169B122525FA}.Release|Any CPU.ActiveCfg = Release|Any CPU
		{8866AEB3-5EB7-4E9B-8357-169B122525FA}.Release|Any CPU.Build.0 = Release|Any CPU
	EndGlobalSection
	GlobalSection(SolutionProperties) = preSolution
		HideSolutionNode = FALSE
	EndGlobalSection
	GlobalSection(ExtensibilityGlobals) = postSolution
		SolutionGuid = {B524A632-A52E-49BA-B161-8A8E5D1ECD6E}
	EndGlobalSection
EndGlobal
